// !$*UTF8*$!
{
	archiveVersion = 1;
	classes = {
	};
	objectVersion = 56;
	objects = {

/* Begin PBXBuildFile section */
		448DEC0E2C49053300ABA5B7 /* Demo_AppApp.swift in Sources */ = {isa = PBXBuildFile; fileRef = 448DEC0D2C49053300ABA5B7 /* Demo_AppApp.swift */; };
		448DEC102C49053300ABA5B7 /* ContentView.swift in Sources */ = {isa = PBXBuildFile; fileRef = 448DEC0F2C49053300ABA5B7 /* ContentView.swift */; };
		448DEC122C49053500ABA5B7 /* Assets.xcassets in Resources */ = {isa = PBXBuildFile; fileRef = 448DEC112C49053500ABA5B7 /* Assets.xcassets */; };
		448DEC152C49053500ABA5B7 /* Preview Assets.xcassets in Resources */ = {isa = PBXBuildFile; fileRef = 448DEC142C49053500ABA5B7 /* Preview Assets.xcassets */; };
		448DEC1F2C49053600ABA5B7 /* Demo_AppTests.swift in Sources */ = {isa = PBXBuildFile; fileRef = 448DEC1E2C49053600ABA5B7 /* Demo_AppTests.swift */; };
		448DEC292C49053600ABA5B7 /* Demo_AppUITests.swift in Sources */ = {isa = PBXBuildFile; fileRef = 448DEC282C49053600ABA5B7 /* Demo_AppUITests.swift */; };
		448DEC2B2C49053600ABA5B7 /* Demo_AppUITestsLaunchTests.swift in Sources */ = {isa = PBXBuildFile; fileRef = 448DEC2A2C49053600ABA5B7 /* Demo_AppUITestsLaunchTests.swift */; };
/* End PBXBuildFile section */

/* Begin PBXContainerItemProxy section */
		448DEC1B2C49053600ABA5B7 /* PBXContainerItemProxy */ = {
			isa = PBXContainerItemProxy;
			containerPortal = 448DEC022C49053300ABA5B7 /* Project object */;
			proxyType = 1;
			remoteGlobalIDString = 448DEC092C49053300ABA5B7;
			remoteInfo = "Demo App";
		};
		448DEC252C49053600ABA5B7 /* PBXContainerItemProxy */ = {
			isa = PBXContainerItemProxy;
			containerPortal = 448DEC022C49053300ABA5B7 /* Project object */;
			proxyType = 1;
			remoteGlobalIDString = 448DEC092C49053300ABA5B7;
			remoteInfo = "Demo App";
		};
/* End PBXContainerItemProxy section */

/* Begin PBXFileReference section */
		448DEC0A2C49053300ABA5B7 /* Demo App.app */ = {isa = PBXFileReference; explicitFileType = wrapper.application; includeInIndex = 0; path = "Demo App.app"; sourceTree = BUILT_PRODUCTS_DIR; };
		448DEC0D2C49053300ABA5B7 /* Demo_AppApp.swift */ = {isa = PBXFileReference; lastKnownFileType = sourcecode.swift; path = Demo_AppApp.swift; sourceTree = "<group>"; };
		448DEC0F2C49053300ABA5B7 /* ContentView.swift */ = {isa = PBXFileReference; lastKnownFileType = sourcecode.swift; path = ContentView.swift; sourceTree = "<group>"; };
		448DEC112C49053500ABA5B7 /* Assets.xcassets */ = {isa = PBXFileReference; lastKnownFileType = folder.assetcatalog; path = Assets.xcassets; sourceTree = "<group>"; };
		448DEC142C49053500ABA5B7 /* Preview Assets.xcassets */ = {isa = PBXFileReference; lastKnownFileType = folder.assetcatalog; path = "Preview Assets.xcassets"; sourceTree = "<group>"; };
		448DEC1A2C49053600ABA5B7 /* Demo AppTests.xctest */ = {isa = PBXFileReference; explicitFileType = wrapper.cfbundle; includeInIndex = 0; path = "Demo AppTests.xctest"; sourceTree = BUILT_PRODUCTS_DIR; };
		448DEC1E2C49053600ABA5B7 /* Demo_AppTests.swift */ = {isa = PBXFileReference; lastKnownFileType = sourcecode.swift; path = Demo_AppTests.swift; sourceTree = "<group>"; };
		448DEC242C49053600ABA5B7 /* Demo AppUITests.xctest */ = {isa = PBXFileReference; explicitFileType = wrapper.cfbundle; includeInIndex = 0; path = "Demo AppUITests.xctest"; sourceTree = BUILT_PRODUCTS_DIR; };
		448DEC282C49053600ABA5B7 /* Demo_AppUITests.swift */ = {isa = PBXFileReference; lastKnownFileType = sourcecode.swift; path = Demo_AppUITests.swift; sourceTree = "<group>"; };
		448DEC2A2C49053600ABA5B7 /* Demo_AppUITestsLaunchTests.swift */ = {isa = PBXFileReference; lastKnownFileType = sourcecode.swift; path = Demo_AppUITestsLaunchTests.swift; sourceTree = "<group>"; };
/* End PBXFileReference section */

/* Begin PBXFrameworksBuildPhase section */
		448DEC072C49053300ABA5B7 /* Frameworks */ = {
			isa = PBXFrameworksBuildPhase;
			buildActionMask = 2147483647;
			files = (
			);
			runOnlyForDeploymentPostprocessing = 0;
		};
		448DEC172C49053600ABA5B7 /* Frameworks */ = {
			isa = PBXFrameworksBuildPhase;
			buildActionMask = 2147483647;
			files = (
			);
			runOnlyForDeploymentPostprocessing = 0;
		};
		448DEC212C49053600ABA5B7 /* Frameworks */ = {
			isa = PBXFrameworksBuildPhase;
			buildActionMask = 2147483647;
			files = (
			);
			runOnlyForDeploymentPostprocessing = 0;
		};
/* End PBXFrameworksBuildPhase section */

/* Begin PBXGroup section */
		448DEC012C49053300ABA5B7 = {
			isa = PBXGroup;
			children = (
				448DEC0C2C49053300ABA5B7 /* Demo App */,
				448DEC1D2C49053600ABA5B7 /* Demo AppTests */,
				448DEC272C49053600ABA5B7 /* Demo AppUITests */,
				448DEC0B2C49053300ABA5B7 /* Products */,
			);
			sourceTree = "<group>";
		};
		448DEC0B2C49053300ABA5B7 /* Products */ = {
			isa = PBXGroup;
			children = (
				448DEC0A2C49053300ABA5B7 /* Demo App.app */,
				448DEC1A2C49053600ABA5B7 /* Demo AppTests.xctest */,
				448DEC242C49053600ABA5B7 /* Demo AppUITests.xctest */,
			);
			name = Products;
			sourceTree = "<group>";
		};
		448DEC0C2C49053300ABA5B7 /* Demo App */ = {
			isa = PBXGroup;
			children = (
				448DEC0D2C49053300ABA5B7 /* Demo_AppApp.swift */,
				448DEC0F2C49053300ABA5B7 /* ContentView.swift */,
				448DEC112C49053500ABA5B7 /* Assets.xcassets */,
				448DEC132C49053500ABA5B7 /* Preview Content */,
			);
			path = "Demo App";
			sourceTree = "<group>";
		};
		448DEC132C49053500ABA5B7 /* Preview Content */ = {
			isa = PBXGroup;
			children = (
				448DEC142C49053500ABA5B7 /* Preview Assets.xcassets */,
			);
			path = "Preview Content";
			sourceTree = "<group>";
		};
		448DEC1D2C49053600ABA5B7 /* Demo AppTests */ = {
			isa = PBXGroup;
			children = (
				448DEC1E2C49053600ABA5B7 /* Demo_AppTests.swift */,
			);
			path = "Demo AppTests";
			sourceTree = "<group>";
		};
		448DEC272C49053600ABA5B7 /* Demo AppUITests */ = {
			isa = PBXGroup;
			children = (
				448DEC282C49053600ABA5B7 /* Demo_AppUITests.swift */,
				448DEC2A2C49053600ABA5B7 /* Demo_AppUITestsLaunchTests.swift */,
			);
			path = "Demo AppUITests";
			sourceTree = "<group>";
		};
/* End PBXGroup section */

/* Begin PBXNativeTarget section */
		448DEC092C49053300ABA5B7 /* Demo App */ = {
			isa = PBXNativeTarget;
			buildConfigurationList = 448DEC2E2C49053600ABA5B7 /* Build configuration list for PBXNativeTarget "Demo App" */;
			buildPhases = (
				448DEC062C49053300ABA5B7 /* Sources */,
				448DEC072C49053300ABA5B7 /* Frameworks */,
				448DEC082C49053300ABA5B7 /* Resources */,
			);
			buildRules = (
			);
			dependencies = (
			);
			name = "Demo App";
			productName = "Demo App";
			productReference = 448DEC0A2C49053300ABA5B7 /* Demo App.app */;
			productType = "com.apple.product-type.application";
		};
		448DEC192C49053600ABA5B7 /* Demo AppTests */ = {
			isa = PBXNativeTarget;
			buildConfigurationList = 448DEC312C49053600ABA5B7 /* Build configuration list for PBXNativeTarget "Demo AppTests" */;
			buildPhases = (
				448DEC162C49053600ABA5B7 /* Sources */,
				448DEC172C49053600ABA5B7 /* Frameworks */,
				448DEC182C49053600ABA5B7 /* Resources */,
			);
			buildRules = (
			);
			dependencies = (
				448DEC1C2C49053600ABA5B7 /* PBXTargetDependency */,
			);
			name = "Demo AppTests";
			productName = "Demo AppTests";
			productReference = 448DEC1A2C49053600ABA5B7 /* Demo AppTests.xctest */;
			productType = "com.apple.product-type.bundle.unit-test";
		};
		448DEC232C49053600ABA5B7 /* Demo AppUITests */ = {
			isa = PBXNativeTarget;
			buildConfigurationList = 448DEC342C49053600ABA5B7 /* Build configuration list for PBXNativeTarget "Demo AppUITests" */;
			buildPhases = (
				448DEC202C49053600ABA5B7 /* Sources */,
				448DEC212C49053600ABA5B7 /* Frameworks */,
				448DEC222C49053600ABA5B7 /* Resources */,
			);
			buildRules = (
			);
			dependencies = (
				448DEC262C49053600ABA5B7 /* PBXTargetDependency */,
			);
			name = "Demo AppUITests";
			productName = "Demo AppUITests";
			productReference = 448DEC242C49053600ABA5B7 /* Demo AppUITests.xctest */;
			productType = "com.apple.product-type.bundle.ui-testing";
		};
/* End PBXNativeTarget section */

/* Begin PBXProject section */
		448DEC022C49053300ABA5B7 /* Project object */ = {
			isa = PBXProject;
			attributes = {
				BuildIndependentTargetsInParallel = 1;
				LastSwiftUpdateCheck = 1540;
				LastUpgradeCheck = 1540;
				TargetAttributes = {
					448DEC092C49053300ABA5B7 = {
						CreatedOnToolsVersion = 15.4;
					};
					448DEC192C49053600ABA5B7 = {
						CreatedOnToolsVersion = 15.4;
						TestTargetID = 448DEC092C49053300ABA5B7;
					};
					448DEC232C49053600ABA5B7 = {
						CreatedOnToolsVersion = 15.4;
						TestTargetID = 448DEC092C49053300ABA5B7;
					};
				};
			};
			buildConfigurationList = 448DEC052C49053300ABA5B7 /* Build configuration list for PBXProject "Demo App" */;
			compatibilityVersion = "Xcode 14.0";
			developmentRegion = en;
			hasScannedForEncodings = 0;
			knownRegions = (
				en,
				Base,
			);
			mainGroup = 448DEC012C49053300ABA5B7;
			productRefGroup = 448DEC0B2C49053300ABA5B7 /* Products */;
			projectDirPath = "";
			projectRoot = "";
			targets = (
				448DEC092C49053300ABA5B7 /* Demo App */,
				448DEC192C49053600ABA5B7 /* Demo AppTests */,
				448DEC232C49053600ABA5B7 /* Demo AppUITests */,
			);
		};
/* End PBXProject section */

/* Begin PBXResourcesBuildPhase section */
		448DEC082C49053300ABA5B7 /* Resources */ = {
			isa = PBXResourcesBuildPhase;
			buildActionMask = 2147483647;
			files = (
				448DEC152C49053500ABA5B7 /* Preview Assets.xcassets in Resources */,
				448DEC122C49053500ABA5B7 /* Assets.xcassets in Resources */,
			);
			runOnlyForDeploymentPostprocessing = 0;
		};
		448DEC182C49053600ABA5B7 /* Resources */ = {
			isa = PBXResourcesBuildPhase;
			buildActionMask = 2147483647;
			files = (
			);
			runOnlyForDeploymentPostprocessing = 0;
		};
		448DEC222C49053600ABA5B7 /* Resources */ = {
			isa = PBXResourcesBuildPhase;
			buildActionMask = 2147483647;
			files = (
			);
			runOnlyForDeploymentPostprocessing = 0;
		};
/* End PBXResourcesBuildPhase section */

/* Begin PBXSourcesBuildPhase section */
		448DEC062C49053300ABA5B7 /* Sources */ = {
			isa = PBXSourcesBuildPhase;
			buildActionMask = 2147483647;
			files = (
				448DEC102C49053300ABA5B7 /* ContentView.swift in Sources */,
				448DEC0E2C49053300ABA5B7 /* Demo_AppApp.swift in Sources */,
			);
			runOnlyForDeploymentPostprocessing = 0;
		};
		448DEC162C49053600ABA5B7 /* Sources */ = {
			isa = PBXSourcesBuildPhase;
			buildActionMask = 2147483647;
			files = (
				448DEC1F2C49053600ABA5B7 /* Demo_AppTests.swift in Sources */,
			);
			runOnlyForDeploymentPostprocessing = 0;
		};
		448DEC202C49053600ABA5B7 /* Sources */ = {
			isa = PBXSourcesBuildPhase;
			buildActionMask = 2147483647;
			files = (
				448DEC2B2C49053600ABA5B7 /* Demo_AppUITestsLaunchTests.swift in Sources */,
				448DEC292C49053600ABA5B7 /* Demo_AppUITests.swift in Sources */,
			);
			runOnlyForDeploymentPostprocessing = 0;
		};
/* End PBXSourcesBuildPhase section */

/* Begin PBXTargetDependency section */
		448DEC1C2C49053600ABA5B7 /* PBXTargetDependency */ = {
			isa = PBXTargetDependency;
			target = 448DEC092C49053300ABA5B7 /* Demo App */;
			targetProxy = 448DEC1B2C49053600ABA5B7 /* PBXContainerItemProxy */;
		};
		448DEC262C49053600ABA5B7 /* PBXTargetDependency */ = {
			isa = PBXTargetDependency;
			target = 448DEC092C49053300ABA5B7 /* Demo App */;
			targetProxy = 448DEC252C49053600ABA5B7 /* PBXContainerItemProxy */;
		};
/* End PBXTargetDependency section */

/* Begin XCBuildConfiguration section */
		448DEC2C2C49053600ABA5B7 /* Debug */ = {
			isa = XCBuildConfiguration;
			buildSettings = {
				ALWAYS_SEARCH_USER_PATHS = NO;
				ASSETCATALOG_COMPILER_GENERATE_SWIFT_ASSET_SYMBOL_EXTENSIONS = YES;
				CLANG_ANALYZER_NONNULL = YES;
				CLANG_ANALYZER_NUMBER_OBJECT_CONVERSION = YES_AGGRESSIVE;
				CLANG_CXX_LANGUAGE_STANDARD = "gnu++20";
				CLANG_ENABLE_MODULES = YES;
				CLANG_ENABLE_OBJC_ARC = YES;
				CLANG_ENABLE_OBJC_WEAK = YES;
				CLANG_WARN_BLOCK_CAPTURE_AUTORELEASING = YES;
				CLANG_WARN_BOOL_CONVERSION = YES;
				CLANG_WARN_COMMA = YES;
				CLANG_WARN_CONSTANT_CONVERSION = YES;
				CLANG_WARN_DEPRECATED_OBJC_IMPLEMENTATIONS = YES;
				CLANG_WARN_DIRECT_OBJC_ISA_USAGE = YES_ERROR;
				CLANG_WARN_DOCUMENTATION_COMMENTS = YES;
				CLANG_WARN_EMPTY_BODY = YES;
				CLANG_WARN_ENUM_CONVERSION = YES;
				CLANG_WARN_INFINITE_RECURSION = YES;
				CLANG_WARN_INT_CONVERSION = YES;
				CLANG_WARN_NON_LITERAL_NULL_CONVERSION = YES;
				CLANG_WARN_OBJC_IMPLICIT_RETAIN_SELF = YES;
				CLANG_WARN_OBJC_LITERAL_CONVERSION = YES;
				CLANG_WARN_OBJC_ROOT_CLASS = YES_ERROR;
				CLANG_WARN_QUOTED_INCLUDE_IN_FRAMEWORK_HEADER = YES;
				CLANG_WARN_RANGE_LOOP_ANALYSIS = YES;
				CLANG_WARN_STRICT_PROTOTYPES = YES;
				CLANG_WARN_SUSPICIOUS_MOVE = YES;
				CLANG_WARN_UNGUARDED_AVAILABILITY = YES_AGGRESSIVE;
				CLANG_WARN_UNREACHABLE_CODE = YES;
				CLANG_WARN__DUPLICATE_METHOD_MATCH = YES;
				COPY_PHASE_STRIP = NO;
				DEBUG_INFORMATION_FORMAT = dwarf;
				ENABLE_STRICT_OBJC_MSGSEND = YES;
				ENABLE_TESTABILITY = YES;
				ENABLE_USER_SCRIPT_SANDBOXING = YES;
				GCC_C_LANGUAGE_STANDARD = gnu17;
				GCC_DYNAMIC_NO_PIC = NO;
				GCC_NO_COMMON_BLOCKS = YES;
				GCC_OPTIMIZATION_LEVEL = 0;
				GCC_PREPROCESSOR_DEFINITIONS = (
					"DEBUG=1",
					"$(inherited)",
				);
				GCC_WARN_64_TO_32_BIT_CONVERSION = YES;
				GCC_WARN_ABOUT_RETURN_TYPE = YES_ERROR;
				GCC_WARN_UNDECLARED_SELECTOR = YES;
				GCC_WARN_UNINITIALIZED_AUTOS = YES_AGGRESSIVE;
				GCC_WARN_UNUSED_FUNCTION = YES;
				GCC_WARN_UNUSED_VARIABLE = YES;
				IPHONEOS_DEPLOYMENT_TARGET = 17.5;
				LOCALIZATION_PREFERS_STRING_CATALOGS = YES;
				MTL_ENABLE_DEBUG_INFO = INCLUDE_SOURCE;
				MTL_FAST_MATH = YES;
				ONLY_ACTIVE_ARCH = YES;
				SDKROOT = iphoneos;
				SWIFT_ACTIVE_COMPILATION_CONDITIONS = "DEBUG $(inherited)";
				SWIFT_OPTIMIZATION_LEVEL = "-Onone";
			};
			name = Debug;
		};
		448DEC2D2C49053600ABA5B7 /* Release */ = {
			isa = XCBuildConfiguration;
			buildSettings = {
				ALWAYS_SEARCH_USER_PATHS = NO;
				ASSETCATALOG_COMPILER_GENERATE_SWIFT_ASSET_SYMBOL_EXTENSIONS = YES;
				CLANG_ANALYZER_NONNULL = YES;
				CLANG_ANALYZER_NUMBER_OBJECT_CONVERSION = YES_AGGRESSIVE;
				CLANG_CXX_LANGUAGE_STANDARD = "gnu++20";
				CLANG_ENABLE_MODULES = YES;
				CLANG_ENABLE_OBJC_ARC = YES;
				CLANG_ENABLE_OBJC_WEAK = YES;
				CLANG_WARN_BLOCK_CAPTURE_AUTORELEASING = YES;
				CLANG_WARN_BOOL_CONVERSION = YES;
				CLANG_WARN_COMMA = YES;
				CLANG_WARN_CONSTANT_CONVERSION = YES;
				CLANG_WARN_DEPRECATED_OBJC_IMPLEMENTATIONS = YES;
				CLANG_WARN_DIRECT_OBJC_ISA_USAGE = YES_ERROR;
				CLANG_WARN_DOCUMENTATION_COMMENTS = YES;
				CLANG_WARN_EMPTY_BODY = YES;
				CLANG_WARN_ENUM_CONVERSION = YES;
				CLANG_WARN_INFINITE_RECURSION = YES;
				CLANG_WARN_INT_CONVERSION = YES;
				CLANG_WARN_NON_LITERAL_NULL_CONVERSION = YES;
				CLANG_WARN_OBJC_IMPLICIT_RETAIN_SELF = YES;
				CLANG_WARN_OBJC_LITERAL_CONVERSION = YES;
				CLANG_WARN_OBJC_ROOT_CLASS = YES_ERROR;
				CLANG_WARN_QUOTED_INCLUDE_IN_FRAMEWORK_HEADER = YES;
				CLANG_WARN_RANGE_LOOP_ANALYSIS = YES;
				CLANG_WARN_STRICT_PROTOTYPES = YES;
				CLANG_WARN_SUSPICIOUS_MOVE = YES;
				CLANG_WARN_UNGUARDED_AVAILABILITY = YES_AGGRESSIVE;
				CLANG_WARN_UNREACHABLE_CODE = YES;
				CLANG_WARN__DUPLICATE_METHOD_MATCH = YES;
				COPY_PHASE_STRIP = NO;
				DEBUG_INFORMATION_FORMAT = "dwarf-with-dsym";
				ENABLE_NS_ASSERTIONS = NO;
				ENABLE_STRICT_OBJC_MSGSEND = YES;
				ENABLE_USER_SCRIPT_SANDBOXING = YES;
				GCC_C_LANGUAGE_STANDARD = gnu17;
				GCC_NO_COMMON_BLOCKS = YES;
				GCC_WARN_64_TO_32_BIT_CONVERSION = YES;
				GCC_WARN_ABOUT_RETURN_TYPE = YES_ERROR;
				GCC_WARN_UNDECLARED_SELECTOR = YES;
				GCC_WARN_UNINITIALIZED_AUTOS = YES_AGGRESSIVE;
				GCC_WARN_UNUSED_FUNCTION = YES;
				GCC_WARN_UNUSED_VARIABLE = YES;
				IPHONEOS_DEPLOYMENT_TARGET = 17.5;
				LOCALIZATION_PREFERS_STRING_CATALOGS = YES;
				MTL_ENABLE_DEBUG_INFO = NO;
				MTL_FAST_MATH = YES;
				SDKROOT = iphoneos;
				SWIFT_COMPILATION_MODE = wholemodule;
				VALIDATE_PRODUCT = YES;
			};
			name = Release;
		};
		448DEC2F2C49053600ABA5B7 /* Debug */ = {
			isa = XCBuildConfiguration;
			buildSettings = {
				ASSETCATALOG_COMPILER_APPICON_NAME = AppIcon;
				ASSETCATALOG_COMPILER_GLOBAL_ACCENT_COLOR_NAME = AccentColor;
				CODE_SIGN_STYLE = Automatic;
				CURRENT_PROJECT_VERSION = 1;
				DEVELOPMENT_ASSET_PATHS = "\"Demo App/Preview Content\"";
				ENABLE_PREVIEWS = YES;
				GENERATE_INFOPLIST_FILE = YES;
				INFOPLIST_KEY_UIApplicationSceneManifest_Generation = YES;
				INFOPLIST_KEY_UIApplicationSupportsIndirectInputEvents = YES;
				INFOPLIST_KEY_UILaunchScreen_Generation = YES;
				INFOPLIST_KEY_UISupportedInterfaceOrientations_iPad = "UIInterfaceOrientationPortrait UIInterfaceOrientationPortraitUpsideDown UIInterfaceOrientationLandscapeLeft UIInterfaceOrientationLandscapeRight";
				INFOPLIST_KEY_UISupportedInterfaceOrientations_iPhone = "UIInterfaceOrientationPortrait UIInterfaceOrientationLandscapeLeft UIInterfaceOrientationLandscapeRight";
				LD_RUNPATH_SEARCH_PATHS = (
					"$(inherited)",
					"@executable_path/Frameworks",
				);
				MARKETING_VERSION = 1.0;
				PRODUCT_BUNDLE_IDENTIFIER = "Thinkhat-POC.Demo-App";
				PRODUCT_NAME = "$(TARGET_NAME)";
				SWIFT_EMIT_LOC_STRINGS = YES;
				SWIFT_VERSION = 5.0;
				TARGETED_DEVICE_FAMILY = "1,2";
			};
			name = Debug;
		};
		448DEC302C49053600ABA5B7 /* Release */ = {
			isa = XCBuildConfiguration;
			buildSettings = {
				ASSETCATALOG_COMPILER_APPICON_NAME = AppIcon;
				ASSETCATALOG_COMPILER_GLOBAL_ACCENT_COLOR_NAME = AccentColor;
				CODE_SIGN_STYLE = Automatic;
				CURRENT_PROJECT_VERSION = 1;
				DEVELOPMENT_ASSET_PATHS = "\"Demo App/Preview Content\"";
				ENABLE_PREVIEWS = YES;
				GENERATE_INFOPLIST_FILE = YES;
				INFOPLIST_KEY_UIApplicationSceneManifest_Generation = YES;
				INFOPLIST_KEY_UIApplicationSupportsIndirectInputEvents = YES;
				INFOPLIST_KEY_UILaunchScreen_Generation = YES;
				INFOPLIST_KEY_UISupportedInterfaceOrientations_iPad = "UIInterfaceOrientationPortrait UIInterfaceOrientationPortraitUpsideDown UIInterfaceOrientationLandscapeLeft UIInterfaceOrientationLandscapeRight";
				INFOPLIST_KEY_UISupportedInterfaceOrientations_iPhone = "UIInterfaceOrientationPortrait UIInterfaceOrientationLandscapeLeft UIInterfaceOrientationLandscapeRight";
				LD_RUNPATH_SEARCH_PATHS = (
					"$(inherited)",
					"@executable_path/Frameworks",
				);
				MARKETING_VERSION = 1.0;
				PRODUCT_BUNDLE_IDENTIFIER = "Thinkhat-POC.Demo-App";
				PRODUCT_NAME = "$(TARGET_NAME)";
				SWIFT_EMIT_LOC_STRINGS = YES;
				SWIFT_VERSION = 5.0;
				TARGETED_DEVICE_FAMILY = "1,2";
			};
			name = Release;
		};
		448DEC322C49053600ABA5B7 /* Debug */ = {
			isa = XCBuildConfiguration;
			buildSettings = {
				ALWAYS_EMBED_SWIFT_STANDARD_LIBRARIES = YES;
				BUNDLE_LOADER = "$(TEST_HOST)";
				CODE_SIGN_STYLE = Automatic;
				CURRENT_PROJECT_VERSION = 1;
				GENERATE_INFOPLIST_FILE = YES;
				IPHONEOS_DEPLOYMENT_TARGET = 17.5;
				MARKETING_VERSION = 1.0;
				PRODUCT_BUNDLE_IDENTIFIER = "Thinkhat-POC.Demo-AppTests";
				PRODUCT_NAME = "$(TARGET_NAME)";
				SWIFT_EMIT_LOC_STRINGS = NO;
				SWIFT_VERSION = 5.0;
				TARGETED_DEVICE_FAMILY = "1,2";
				TEST_HOST = "$(BUILT_PRODUCTS_DIR)/Demo App.app/$(BUNDLE_EXECUTABLE_FOLDER_PATH)/Demo App";
			};
			name = Debug;
		};
		448DEC332C49053600ABA5B7 /* Release */ = {
			isa = XCBuildConfiguration;
			buildSettings = {
				ALWAYS_EMBED_SWIFT_STANDARD_LIBRARIES = YES;
				BUNDLE_LOADER = "$(TEST_HOST)";
				CODE_SIGN_STYLE = Automatic;
				CURRENT_PROJECT_VERSION = 1;
				GENERATE_INFOPLIST_FILE = YES;
				IPHONEOS_DEPLOYMENT_TARGET = 17.5;
				MARKETING_VERSION = 1.0;
				PRODUCT_BUNDLE_IDENTIFIER = "Thinkhat-POC.Demo-AppTests";
				PRODUCT_NAME = "$(TARGET_NAME)";
				SWIFT_EMIT_LOC_STRINGS = NO;
				SWIFT_VERSION = 5.0;
				TARGETED_DEVICE_FAMILY = "1,2";
				TEST_HOST = "$(BUILT_PRODUCTS_DIR)/Demo App.app/$(BUNDLE_EXECUTABLE_FOLDER_PATH)/Demo App";
			};
			name = Release;
		};
		448DEC352C49053600ABA5B7 /* Debug */ = {
			isa = XCBuildConfiguration;
			buildSettings = {
				ALWAYS_EMBED_SWIFT_STANDARD_LIBRARIES = YES;
				CODE_SIGN_STYLE = Automatic;
				CURRENT_PROJECT_VERSION = 1;
				GENERATE_INFOPLIST_FILE = YES;
				MARKETING_VERSION = 1.0;
				PRODUCT_BUNDLE_IDENTIFIER = "Thinkhat-POC.Demo-AppUITests";
				PRODUCT_NAME = "$(TARGET_NAME)";
				SWIFT_EMIT_LOC_STRINGS = NO;
				SWIFT_VERSION = 5.0;
				TARGETED_DEVICE_FAMILY = "1,2";
				TEST_TARGET_NAME = "Demo App";
			};
			name = Debug;
		};
		448DEC362C49053600ABA5B7 /* Release */ = {
			isa = XCBuildConfiguration;
			buildSettings = {
				ALWAYS_EMBED_SWIFT_STANDARD_LIBRARIES = YES;
				CODE_SIGN_STYLE = Automatic;
				CURRENT_PROJECT_VERSION = 1;
				GENERATE_INFOPLIST_FILE = YES;
				MARKETING_VERSION = 1.0;
				PRODUCT_BUNDLE_IDENTIFIER = "Thinkhat-POC.Demo-AppUITests";
				PRODUCT_NAME = "$(TARGET_NAME)";
				SWIFT_EMIT_LOC_STRINGS = NO;
				SWIFT_VERSION = 5.0;
				TARGETED_DEVICE_FAMILY = "1,2";
				TEST_TARGET_NAME = "Demo App";
			};
			name = Release;
		};
/* End XCBuildConfiguration section */

/* Begin XCConfigurationList section */
		448DEC052C49053300ABA5B7 /* Build configuration list for PBXProject "Demo App" */ = {
			isa = XCConfigurationList;
			buildConfigurations = (
				448DEC2C2C49053600ABA5B7 /* Debug */,
				448DEC2D2C49053600ABA5B7 /* Release */,
			);
			defaultConfigurationIsVisible = 0;
			defaultConfigurationName = Release;
		};
		448DEC2E2C49053600ABA5B7 /* Build configuration list for PBXNativeTarget "Demo App" */ = {
			isa = XCConfigurationList;
			buildConfigurations = (
				448DEC2F2C49053600ABA5B7 /* Debug */,
				448DEC302C49053600ABA5B7 /* Release */,
			);
			defaultConfigurationIsVisible = 0;
			defaultConfigurationName = Release;
		};
		448DEC312C49053600ABA5B7 /* Build configuration list for PBXNativeTarget "Demo AppTests" */ = {
			isa = XCConfigurationList;
			buildConfigurations = (
				448DEC322C49053600ABA5B7 /* Debug */,
				448DEC332C49053600ABA5B7 /* Release */,
			);
			defaultConfigurationIsVisible = 0;
			defaultConfigurationName = Release;
		};
		448DEC342C49053600ABA5B7 /* Build configuration list for PBXNativeTarget "Demo AppUITests" */ = {
			isa = XCConfigurationList;
			buildConfigurations = (
				448DEC352C49053600ABA5B7 /* Debug */,
				448DEC362C49053600ABA5B7 /* Release */,
			);
			defaultConfigurationIsVisible = 0;
			defaultConfigurationName = Release;
		};
/* End XCConfigurationList section */
	};
	rootObject = 448DEC022C49053300ABA5B7 /* Project object */;
}
